Microsoft Visual Studio Solution File, Format Version 12.00
# Visual Studio Version 18
VisualStudioVersion = 18.0.0.0
MinimumVisualStudioVersion = 10.0.40219.1
Project("{FAE04EC0-301F-11D3-BF4B-00C04F79EFBC}") = "Cpa.BoundedMindsLab.Core", "src\Cpa.BoundedMindsLab.Core\Cpa.BoundedMindsLab.Core.csproj", "{7A5E7ED5-D903-4AC9-A189-2D6C51DEFC13}"
EndProject
Project("{FAE04EC0-301F-11D3-BF4B-00C04F79EFBC}") = "Cpa.BoundedMindsLab.Cli", "src\Cpa.BoundedMindsLab.Cli\Cpa.BoundedMindsLab.Cli.csproj", "{7EAC11A1-FEE9-445C-900A-9F95D6CE4A5C}"
EndProject
Project("{FAE04EC0-301F-11D3-BF4B-00C04F79EFBC}") = "Cpa.BoundedMindsLab.Desktop", "src\Cpa.BoundedMindsLab.Desktop\Cpa.BoundedMindsLab.Desktop.csproj", "{B8496E58-4ACB-4CE5-A267-8E0C1EC8D4F6}"
EndProject
Global
	GlobalSection(SolutionConfigurationPlatforms) = preSolution
		Debug|Any CPU = Debug|Any CPU
		Release|Any CPU = Release|Any CPU
	EndGlobalSection
	GlobalSection(ProjectConfigurationPlatforms) = postSolution
		{7A5E7ED5-D903-4AC9-A189-2D6C51DEFC13}.Debug|Any CPU.ActiveCfg = Debug|Any CPU
		{7A5E7ED5-D903-4AC9-A189-2D6C51DEFC13}.Debug|Any CPU.Build.0 = Debug|Any CPU
		{7A5E7ED5-D903-4AC9-A189-2D6C51DEFC13}.Release|Any CPU.ActiveCfg = Release|Any CPU
		{7A5E7ED5-D903-4AC9-A189-2D6C51DEFC13}.Release|Any CPU.Build.0 = Release|Any CPU
		{7EAC11A1-FEE9-445C-900A-9F95D6CE4A5C}.Debug|Any CPU.ActiveCfg = Debug|Any CPU
		{7EAC11A1-FEE9-445C-900A-9F95D6CE4A5C}.Debug|Any CPU.Build.0 = Debug|Any CPU
		{7EAC11A1-FEE9-445C-900A-9F95D6CE4A5C}.Release|Any CPU.ActiveCfg = Release|Any CPU
		{7EAC11A1-FEE9-445C-900A-9F95D6CE4A5C}.Release|Any CPU.Build.0 = Release|Any CPU
		{B8496E58-4ACB-4CE5-A267-8E0C1EC8D4F6}.Debug|Any CPU.ActiveCfg = Debug|Any CPU
		{B8496E58-4ACB-4CE5-A267-8E0C1EC8D4F6}.Debug|Any CPU.Build.0 = Debug|Any CPU
		{B8496E58-4ACB-4CE5-A267-8E0C1EC8D4F6}.Release|Any CPU.ActiveCfg = Release|Any CPU
		{B8496E58-4ACB-4CE5-A267-8E0C1EC8D4F6}.Release|Any CPU.Build.0 = Release|Any CPU
	EndGlobalSection
	GlobalSection(SolutionProperties) = preSolution
		HideSolutionNode = FALSE
	EndGlobalSection
	GlobalSection(ExtensibilityGlobals) = postSolution
		SolutionGuid = {FAF0953A-62C7-45B5-8862-DC9404465CB8}
	EndGlobalSection
EndGlobal
